
Microsoft Visual Studio Solution File, Format Version 12.00
# Visual Studio 15
VisualStudioVersion = 15.0.26228.4
MinimumVisualStudioVersion = 10.0.40219.1
Project("{9A19103F-16F7-4668-BE54-9A1E7A4F7556}") = "SF.Core", "SF.Core\SF.Core.csproj", "{3A761AF9-CBCF-4FAD-B611-3D1ECFBA5060}"
EndProject
Project("{9A19103F-16F7-4668-BE54-9A1E7A4F7556}") = "SF.Entitys", "SF.Entitys\SF.Entitys.csproj", "{AEE03996-39FB-4944-A8D6-37E8F6B71752}"
EndProject
Project("{9A19103F-16F7-4668-BE54-9A1E7A4F7556}") = "SF.Data", "SF.Data\SF.Data.csproj", "{8974943F-2F78-4694-8F7B-CE29E2030B7A}"
EndProject
Project("{9A19103F-16F7-4668-BE54-9A1E7A4F7556}") = "SF.Web", "SF.Web\SF.Web.csproj", "{D325B303-818C-4C04-B2A2-430893EB0514}"
EndProject
Project("{9A19103F-16F7-4668-BE54-9A1E7A4F7556}") = "SF.WebHost", "SF.WebHost\SF.WebHost.csproj", "{3A8A3ED5-94A8-4912-AC91-F61C6E84FE09}"
EndProject
Project("{2150E333-8FDC-42A3-9474-1A3956D46DE8}") = "2.Modules", "2.Modules", "{60659165-CE52-4EC1-9A9B-316F9079CDE8}"
EndProject
Project("{2150E333-8FDC-42A3-9474-1A3956D46DE8}") = "1.Core", "1.Core", "{B9D29ACD-0AE3-48A3-A1B7-5251DA202064}"
EndProject
Project("{2150E333-8FDC-42A3-9474-1A3956D46DE8}") = "Src", "Src", "{1F665682-0D07-48F5-815E-EF94422EA482}"
EndProject
Project("{2150E333-8FDC-42A3-9474-1A3956D46DE8}") = "Solution Items", "Solution Items", "{61C45989-BC61-4BC1-B5F5-B27F542ED879}"
EndProject
Project("{9A19103F-16F7-4668-BE54-9A1E7A4F7556}") = "SF.Module.Backend.Data", "Modules\SF.Module.Backend.Data\SF.Module.Backend.Data.csproj", "{88923AC4-B29F-4B93-B4B2-50874B051EC4}"
EndProject
Project("{9A19103F-16F7-4668-BE54-9A1E7A4F7556}") = "SF.Module.Backend", "Modules\SF.Module.Backend\SF.Module.Backend.csproj", "{6DE9F3D2-55E1-4A1A-8DB8-6D2153CCD93C}"
EndProject
Project("{9A19103F-16F7-4668-BE54-9A1E7A4F7556}") = "SF.Module.Demo", "Modules\SF.Module.Demo\SF.Module.Demo.csproj", "{1699D476-EC89-4DA4-9E11-995772B507BC}"
EndProject
Project("{2150E333-8FDC-42A3-9474-1A3956D46DE8}") = "Backend", "Backend", "{4BBD5D2A-262D-4141-900C-D74748F3F6ED}"
EndProject
Project("{9A19103F-16F7-4668-BE54-9A1E7A4F7556}") = "SF.Module.ActivityLog", "Modules\SF.Module.ActivityLog\SF.Module.ActivityLog.csproj", "{F7C1DC1F-A493-4B51-A92B-987D28B58B47}"
EndProject
Project("{9A19103F-16F7-4668-BE54-9A1E7A4F7556}") = "SF.Module.LoggingStorage", "Modules\SF.Module.LoggingStorage\SF.Module.LoggingStorage.csproj", "{82CF0910-F9B4-4222-A845-B4A7AA163589}"
EndProject
Project("{9A19103F-16F7-4668-BE54-9A1E7A4F7556}") = "SF.Module.Localization", "Modules\SF.Module.Localization\SF.Module.Localization.csproj", "{D0623286-AA4B-48D6-84F7-62029AB76F0C}"
EndProject
Project("{9A19103F-16F7-4668-BE54-9A1E7A4F7556}") = "SF.Module.SimpleAuth", "Modules\SF.Module.SimpleAuth\SF.Module.SimpleAuth.csproj", "{2D13A248-6CE9-42CB-90E6-A7F01509FDBB}"
EndProject
Project("{9A19103F-16F7-4668-BE54-9A1E7A4F7556}") = "SF.Module.SimpleData", "Modules\SF.Module.SimpleData\SF.Module.SimpleData.csproj", "{5D737AB4-C60E-422B-9D10-DEA4B4280B85}"
EndProject
Project("{2150E333-8FDC-42A3-9474-1A3956D46DE8}") = "Blog", "Blog", "{BC5428FB-CAFA-4B1C-BCAA-04A8564845CB}"
EndProject
Project("{9A19103F-16F7-4668-BE54-9A1E7A4F7556}") = "SF.Module.Blog.Data", "Modules\SF.Module.Blog.Data\SF.Module.Blog.Data.csproj", "{3EFC56AF-CB5E-4206-841C-63983DB03A2D}"
EndProject
Project("{9A19103F-16F7-4668-BE54-9A1E7A4F7556}") = "SF.Module.Blog", "Modules\SF.Module.Blog\SF.Module.Blog.csproj", "{902B08C3-8C7D-48BC-85AC-7FBD2D60D1FF}"
EndProject
Project("{2150E333-8FDC-42A3-9474-1A3956D46DE8}") = "Test", "Test", "{D9C5D91B-42C1-48B1-B5F2-9A773B1AC642}"
EndProject
Project("{FAE04EC0-301F-11D3-BF4B-00C04F79EFBC}") = "SF.Data.Test", "SF.Data.Test\SF.Data.Test.csproj", "{0F2BF41E-102A-46F9-961F-40A2C4B047A3}"
EndProject
Project("{FAE04EC0-301F-11D3-BF4B-00C04F79EFBC}") = "SF.TestBase", "SF.TestBase\SF.TestBase.csproj", "{25689261-90EB-42D0-981F-9CF9FDA9EE77}"
EndProject
Global
	GlobalSection(SolutionConfigurationPlatforms) = preSolution
		Debug|Any CPU = Debug|Any CPU
		Release|Any CPU = Release|Any CPU
	EndGlobalSection
	GlobalSection(ProjectConfigurationPlatforms) = postSolution
		{3A761AF9-CBCF-4FAD-B611-3D1ECFBA5060}.Debug|Any CPU.ActiveCfg = Debug|Any CPU
		{3A761AF9-CBCF-4FAD-B611-3D1ECFBA5060}.Debug|Any CPU.Build.0 = Debug|Any CPU
		{3A761AF9-CBCF-4FAD-B611-3D1ECFBA5060}.Release|Any CPU.ActiveCfg = Release|Any CPU
		{3A761AF9-CBCF-4FAD-B611-3D1ECFBA5060}.Release|Any CPU.Build.0 = Release|Any CPU
		{AEE03996-39FB-4944-A8D6-37E8F6B71752}.Debug|Any CPU.ActiveCfg = Debug|Any CPU
		{AEE03996-39FB-4944-A8D6-37E8F6B71752}.Debug|Any CPU.Build.0 = Debug|Any CPU
		{AEE03996-39FB-4944-A8D6-37E8F6B71752}.Release|Any CPU.ActiveCfg = Release|Any CPU
		{AEE03996-39FB-4944-A8D6-37E8F6B71752}.Release|Any CPU.Build.0 = Release|Any CPU
		{8974943F-2F78-4694-8F7B-CE29E2030B7A}.Debug|Any CPU.ActiveCfg = Debug|Any CPU
		{8974943F-2F78-4694-8F7B-CE29E2030B7A}.Debug|Any CPU.Build.0 = Debug|Any CPU
		{8974943F-2F78-4694-8F7B-CE29E2030B7A}.Release|Any CPU.ActiveCfg = Release|Any CPU
		{8974943F-2F78-4694-8F7B-CE29E2030B7A}.Release|Any CPU.Build.0 = Release|Any CPU
		{D325B303-818C-4C04-B2A2-430893EB0514}.Debug|Any CPU.ActiveCfg = Debug|Any CPU
		{D325B303-818C-4C04-B2A2-430893EB0514}.Debug|Any CPU.Build.0 = Debug|Any CPU
		{D325B303-818C-4C04-B2A2-430893EB0514}.Release|Any CPU.ActiveCfg = Release|Any CPU
		{D325B303-818C-4C04-B2A2-430893EB0514}.Release|Any CPU.Build.0 = Release|Any CPU
		{3A8A3ED5-94A8-4912-AC91-F61C6E84FE09}.Debug|Any CPU.ActiveCfg = Debug|Any CPU
		{3A8A3ED5-94A8-4912-AC91-F61C6E84FE09}.Debug|Any CPU.Build.0 = Debug|Any CPU
		{3A8A3ED5-94A8-4912-AC91-F61C6E84FE09}.Release|Any CPU.ActiveCfg = Release|Any CPU
		{3A8A3ED5-94A8-4912-AC91-F61C6E84FE09}.Release|Any CPU.Build.0 = Release|Any CPU
		{88923AC4-B29F-4B93-B4B2-50874B051EC4}.Debug|Any CPU.ActiveCfg = Debug|Any CPU
		{88923AC4-B29F-4B93-B4B2-50874B051EC4}.Debug|Any CPU.Build.0 = Debug|Any CPU
		{88923AC4-B29F-4B93-B4B2-50874B051EC4}.Release|Any CPU.ActiveCfg = Release|Any CPU
		{88923AC4-B29F-4B93-B4B2-50874B051EC4}.Release|Any CPU.Build.0 = Release|Any CPU
		{6DE9F3D2-55E1-4A1A-8DB8-6D2153CCD93C}.Debug|Any CPU.ActiveCfg = Debug|Any CPU
		{6DE9F3D2-55E1-4A1A-8DB8-6D2153CCD93C}.Debug|Any CPU.Build.0 = Debug|Any CPU
		{6DE9F3D2-55E1-4A1A-8DB8-6D2153CCD93C}.Release|Any CPU.ActiveCfg = Release|Any CPU
		{6DE9F3D2-55E1-4A1A-8DB8-6D2153CCD93C}.Release|Any CPU.Build.0 = Release|Any CPU
		{1699D476-EC89-4DA4-9E11-995772B507BC}.Debug|Any CPU.ActiveCfg = Debug|Any CPU
		{1699D476-EC89-4DA4-9E11-995772B507BC}.Debug|Any CPU.Build.0 = Debug|Any CPU
		{1699D476-EC89-4DA4-9E11-995772B507BC}.Release|Any CPU.ActiveCfg = Release|Any CPU
		{1699D476-EC89-4DA4-9E11-995772B507BC}.Release|Any CPU.Build.0 = Release|Any CPU
		{F7C1DC1F-A493-4B51-A92B-987D28B58B47}.Debug|Any CPU.ActiveCfg = Debug|Any CPU
		{F7C1DC1F-A493-4B51-A92B-987D28B58B47}.Debug|Any CPU.Build.0 = Debug|Any CPU
		{F7C1DC1F-A493-4B51-A92B-987D28B58B47}.Release|Any CPU.ActiveCfg = Release|Any CPU
		{F7C1DC1F-A493-4B51-A92B-987D28B58B47}.Release|Any CPU.Build.0 = Release|Any CPU
		{82CF0910-F9B4-4222-A845-B4A7AA163589}.Debug|Any CPU.ActiveCfg = Debug|Any CPU
		{82CF0910-F9B4-4222-A845-B4A7AA163589}.Debug|Any CPU.Build.0 = Debug|Any CPU
		{82CF0910-F9B4-4222-A845-B4A7AA163589}.Release|Any CPU.ActiveCfg = Release|Any CPU
		{82CF0910-F9B4-4222-A845-B4A7AA163589}.Release|Any CPU.Build.0 = Release|Any CPU
		{D0623286-AA4B-48D6-84F7-62029AB76F0C}.Debug|Any CPU.ActiveCfg = Debug|Any CPU
		{D0623286-AA4B-48D6-84F7-62029AB76F0C}.Debug|Any CPU.Build.0 = Debug|Any CPU
		{D0623286-AA4B-48D6-84F7-62029AB76F0C}.Release|Any CPU.ActiveCfg = Release|Any CPU
		{D0623286-AA4B-48D6-84F7-62029AB76F0C}.Release|Any CPU.Build.0 = Release|Any CPU
		{2D13A248-6CE9-42CB-90E6-A7F01509FDBB}.Debug|Any CPU.ActiveCfg = Debug|Any CPU
		{2D13A248-6CE9-42CB-90E6-A7F01509FDBB}.Debug|Any CPU.Build.0 = Debug|Any CPU
		{2D13A248-6CE9-42CB-90E6-A7F01509FDBB}.Release|Any CPU.ActiveCfg = Release|Any CPU
		{2D13A248-6CE9-42CB-90E6-A7F01509FDBB}.Release|Any CPU.Build.0 = Release|Any CPU
		{5D737AB4-C60E-422B-9D10-DEA4B4280B85}.Debug|Any CPU.ActiveCfg = Debug|Any CPU
		{5D737AB4-C60E-422B-9D10-DEA4B4280B85}.Debug|Any CPU.Build.0 = Debug|Any CPU
		{5D737AB4-C60E-422B-9D10-DEA4B4280B85}.Release|Any CPU.ActiveCfg = Release|Any CPU
		{5D737AB4-C60E-422B-9D10-DEA4B4280B85}.Release|Any CPU.Build.0 = Release|Any CPU
		{3EFC56AF-CB5E-4206-841C-63983DB03A2D}.Debug|Any CPU.ActiveCfg = Debug|Any CPU
		{3EFC56AF-CB5E-4206-841C-63983DB03A2D}.Debug|Any CPU.Build.0 = Debug|Any CPU
		{3EFC56AF-CB5E-4206-841C-63983DB03A2D}.Release|Any CPU.ActiveCfg = Release|Any CPU
		{3EFC56AF-CB5E-4206-841C-63983DB03A2D}.Release|Any CPU.Build.0 = Release|Any CPU
		{902B08C3-8C7D-48BC-85AC-7FBD2D60D1FF}.Debug|Any CPU.ActiveCfg = Debug|Any CPU
		{902B08C3-8C7D-48BC-85AC-7FBD2D60D1FF}.Debug|Any CPU.Build.0 = Debug|Any CPU
		{902B08C3-8C7D-48BC-85AC-7FBD2D60D1FF}.Release|Any CPU.ActiveCfg = Release|Any CPU
		{902B08C3-8C7D-48BC-85AC-7FBD2D60D1FF}.Release|Any CPU.Build.0 = Release|Any CPU
		{0F2BF41E-102A-46F9-961F-40A2C4B047A3}.Debug|Any CPU.ActiveCfg = Debug|Any CPU
		{0F2BF41E-102A-46F9-961F-40A2C4B047A3}.Debug|Any CPU.Build.0 = Debug|Any CPU
		{0F2BF41E-102A-46F9-961F-40A2C4B047A3}.Release|Any CPU.ActiveCfg = Release|Any CPU
		{0F2BF41E-102A-46F9-961F-40A2C4B047A3}.Release|Any CPU.Build.0 = Release|Any CPU
		{25689261-90EB-42D0-981F-9CF9FDA9EE77}.Debug|Any CPU.ActiveCfg = Debug|Any CPU
		{25689261-90EB-42D0-981F-9CF9FDA9EE77}.Debug|Any CPU.Build.0 = Debug|Any CPU
		{25689261-90EB-42D0-981F-9CF9FDA9EE77}.Release|Any CPU.ActiveCfg = Release|Any CPU
		{25689261-90EB-42D0-981F-9CF9FDA9EE77}.Release|Any CPU.Build.0 = Release|Any CPU
	EndGlobalSection
	GlobalSection(SolutionProperties) = preSolution
		HideSolutionNode = FALSE
	EndGlobalSection
	GlobalSection(NestedProjects) = preSolution
		{3A761AF9-CBCF-4FAD-B611-3D1ECFBA5060} = {B9D29ACD-0AE3-48A3-A1B7-5251DA202064}
		{AEE03996-39FB-4944-A8D6-37E8F6B71752} = {B9D29ACD-0AE3-48A3-A1B7-5251DA202064}
		{8974943F-2F78-4694-8F7B-CE29E2030B7A} = {B9D29ACD-0AE3-48A3-A1B7-5251DA202064}
		{D325B303-818C-4C04-B2A2-430893EB0514} = {B9D29ACD-0AE3-48A3-A1B7-5251DA202064}
		{60659165-CE52-4EC1-9A9B-316F9079CDE8} = {1F665682-0D07-48F5-815E-EF94422EA482}
		{B9D29ACD-0AE3-48A3-A1B7-5251DA202064} = {1F665682-0D07-48F5-815E-EF94422EA482}
		{88923AC4-B29F-4B93-B4B2-50874B051EC4} = {4BBD5D2A-262D-4141-900C-D74748F3F6ED}
		{6DE9F3D2-55E1-4A1A-8DB8-6D2153CCD93C} = {4BBD5D2A-262D-4141-900C-D74748F3F6ED}
		{1699D476-EC89-4DA4-9E11-995772B507BC} = {60659165-CE52-4EC1-9A9B-316F9079CDE8}
		{4BBD5D2A-262D-4141-900C-D74748F3F6ED} = {60659165-CE52-4EC1-9A9B-316F9079CDE8}
		{F7C1DC1F-A493-4B51-A92B-987D28B58B47} = {60659165-CE52-4EC1-9A9B-316F9079CDE8}
		{82CF0910-F9B4-4222-A845-B4A7AA163589} = {60659165-CE52-4EC1-9A9B-316F9079CDE8}
		{D0623286-AA4B-48D6-84F7-62029AB76F0C} = {60659165-CE52-4EC1-9A9B-316F9079CDE8}
		{2D13A248-6CE9-42CB-90E6-A7F01509FDBB} = {60659165-CE52-4EC1-9A9B-316F9079CDE8}
		{5D737AB4-C60E-422B-9D10-DEA4B4280B85} = {60659165-CE52-4EC1-9A9B-316F9079CDE8}
		{BC5428FB-CAFA-4B1C-BCAA-04A8564845CB} = {60659165-CE52-4EC1-9A9B-316F9079CDE8}
		{3EFC56AF-CB5E-4206-841C-63983DB03A2D} = {BC5428FB-CAFA-4B1C-BCAA-04A8564845CB}
		{902B08C3-8C7D-48BC-85AC-7FBD2D60D1FF} = {BC5428FB-CAFA-4B1C-BCAA-04A8564845CB}
		{0F2BF41E-102A-46F9-961F-40A2C4B047A3} = {D9C5D91B-42C1-48B1-B5F2-9A773B1AC642}
		{25689261-90EB-42D0-981F-9CF9FDA9EE77} = {D9C5D91B-42C1-48B1-B5F2-9A773B1AC642}
	EndGlobalSection
EndGlobal
