
Microsoft Visual Studio Solution File, Format Version 12.00
# Visual Studio 14
VisualStudioVersion = 14.0.25420.1
MinimumVisualStudioVersion = 10.0.40219.1
Project("{2150E333-8FDC-42A3-9474-1A3956D46DE8}") = "src", "src", "{C9BFDDC4-5671-47A3-B57D-197C2A51FA8A}"
EndProject
Project("{2150E333-8FDC-42A3-9474-1A3956D46DE8}") = "Solution Items", "Solution Items", "{0FA25035-EF21-45F1-BEB4-C57BCF5F9A83}"
	ProjectSection(SolutionItems) = preProject
		global.json = global.json
		迁移.txt = 迁移.txt
	EndProjectSection
EndProject
Project("{2150E333-8FDC-42A3-9474-1A3956D46DE8}") = "Modules", "Modules", "{7EFA2FA7-32DD-4047-B021-50E77A83D714}"
EndProject
Project("{2150E333-8FDC-42A3-9474-1A3956D46DE8}") = "Database", "Database", "{0A27C140-4CCB-40DD-BE48-F5DE16D1177B}"
	ProjectSection(SolutionItems) = preProject
		src\Database\Init.sql = src\Database\Init.sql
		src\Database\StaticData.sql = src\Database\StaticData.sql
	EndProjectSection
EndProject
Project("{2150E333-8FDC-42A3-9474-1A3956D46DE8}") = "Test", "Test", "{6A7EE3A2-1748-4CCA-B939-9D7F782B1CDE}"
EndProject
Project("{8BB2217D-0F2D-49D1-97BC-3654ED321F3B}") = "SF.WebHost", "src\SF.WebHost\SF.WebHost.xproj", "{13367B7A-E91C-47EE-BA5E-C50664D65767}"
EndProject
Project("{2150E333-8FDC-42A3-9474-1A3956D46DE8}") = "Plugin", "Plugin", "{25346F7B-580C-4891-8C47-EDE77370B26F}"
EndProject
Project("{8BB2217D-0F2D-49D1-97BC-3654ED321F3B}") = "SF.Plugin.Blogs", "src\Plugin\SF.Plugin.Blogs\SF.Plugin.Blogs.xproj", "{689A4140-5957-461F-ABCE-05F5E9FFA87C}"
EndProject
Project("{8BB2217D-0F2D-49D1-97BC-3654ED321F3B}") = "SF.Web.Pagination", "src\SF.Web.Pagination\SF.Web.Pagination.xproj", "{97882F42-7E4E-4B0C-8A6A-747D79C9F1DB}"
EndProject
Project("{8BB2217D-0F2D-49D1-97BC-3654ED321F3B}") = "SF.Web.SiteMap", "src\SF.Web.SiteMap\SF.Web.SiteMap.xproj", "{6A37DA80-4E1F-4DA4-8123-30C7D6CDEDB4}"
EndProject
Project("{8BB2217D-0F2D-49D1-97BC-3654ED321F3B}") = "SF.Web.Navigation", "src\SF.Web.Navigation\SF.Web.Navigation.xproj", "{519AC4F9-95F6-4089-A0FE-7658B2D40415}"
EndProject
Project("{2150E333-8FDC-42A3-9474-1A3956D46DE8}") = "Core", "Core", "{3C593EDB-AB76-4467-9884-707C3754A796}"
EndProject
Project("{8BB2217D-0F2D-49D1-97BC-3654ED321F3B}") = "SF.Core.Security", "src\SF.Core.Security\SF.Core.Security.xproj", "{BE070E61-8D8C-4092-AD79-2D4BADBAC5F9}"
EndProject
Project("{8BB2217D-0F2D-49D1-97BC-3654ED321F3B}") = "SF.Core.Plugins", "src\SF.Core.Plugins\SF.Core.Plugins.xproj", "{D78BE502-3E6B-4BF7-9D4B-402D0EBC5D18}"
EndProject
Project("{8BB2217D-0F2D-49D1-97BC-3654ED321F3B}") = "SF.Core", "src\SF.Core\SF.Core.xproj", "{13310395-DA86-493D-A4F7-0DE8AC8CD36B}"
EndProject
Project("{8BB2217D-0F2D-49D1-97BC-3654ED321F3B}") = "SF.Module.Backend", "src\Modules\SF.Module.Backend\SF.Module.Backend.xproj", "{1393B1C0-90BF-4E7A-B0AE-A1FD448DCDBC}"
EndProject
Project("{8BB2217D-0F2D-49D1-97BC-3654ED321F3B}") = "SF.Module.ActivityLog", "src\Modules\SF.Module.ActivityLog\SF.Module.ActivityLog.xproj", "{1A22C68D-BE49-4E94-A0AD-6FD31F54B805}"
EndProject
Project("{8BB2217D-0F2D-49D1-97BC-3654ED321F3B}") = "SF.Module.Localization", "src\Modules\SF.Module.Localization\SF.Module.Localization.xproj", "{168ECB44-DB3C-4DAB-9F8D-7BA5EB39D1CE}"
EndProject
Project("{8BB2217D-0F2D-49D1-97BC-3654ED321F3B}") = "SF.Tests", "src\Test\SF.Tests\SF.Tests.xproj", "{96C529AA-B4A5-4F39-A4CF-31F66A8DF6CA}"
EndProject
Project("{8BB2217D-0F2D-49D1-97BC-3654ED321F3B}") = "SF.Core.Abstraction", "src\SF.Core.Abstraction\SF.Core.Abstraction.xproj", "{9C156841-9389-4840-82CB-D5A4ED9A6A00}"
EndProject
Project("{8BB2217D-0F2D-49D1-97BC-3654ED321F3B}") = "SF.Core.Scheduler", "src\SF.Core.Scheduler\SF.Core.Scheduler.xproj", "{136BE87A-2D4E-4855-A541-F25744BF239A}"
EndProject
Project("{8BB2217D-0F2D-49D1-97BC-3654ED321F3B}") = "SF.Web.SimpleAuth", "src\SF.Web.SimpleAuth\SF.Web.SimpleAuth.xproj", "{2F22A31D-1596-496D-8DF2-5B64E7877FEF}"
EndProject
Project("{8BB2217D-0F2D-49D1-97BC-3654ED321F3B}") = "SF.Web.Control", "src\SF.Web.Control\SF.Web.Control.xproj", "{A596EEFD-4103-4E05-A05C-CEC1E1C7BC7A}"
EndProject
Project("{8BB2217D-0F2D-49D1-97BC-3654ED321F3B}") = "SF.Web.BreadCrumb", "src\SF.Web.BreadCrumb\SF.Web.BreadCrumb.xproj", "{F818F787-A9CF-4A5F-A78D-9510D8EC152B}"
EndProject
Project("{8BB2217D-0F2D-49D1-97BC-3654ED321F3B}") = "SF.Web.Captcha", "src\SF.Web.Captcha\SF.Web.Captcha.xproj", "{5093DFFF-C92A-4226-AD2F-193A6D5D1BF2}"
EndProject
Project("{8BB2217D-0F2D-49D1-97BC-3654ED321F3B}") = "SF.Core.RateLimit", "src\SF.Core.RateLimit\SF.Core.RateLimit.xproj", "{21C78113-0993-4781-AAEB-3FD19922AEED}"
EndProject
Project("{8BB2217D-0F2D-49D1-97BC-3654ED321F3B}") = "SF.Core.Tests", "src\Test\SF.Core.Tests\SF.Core.Tests.xproj", "{46C59885-FD59-48D3-B400-CFDB460F738C}"
EndProject
Project("{8BB2217D-0F2D-49D1-97BC-3654ED321F3B}") = "SF.Module.SimpleData", "src\Modules\SF.Module.SimpleData\SF.Module.SimpleData.xproj", "{88C02D31-3C08-4174-9D38-47FF51CE8951}"
EndProject
Project("{8BB2217D-0F2D-49D1-97BC-3654ED321F3B}") = "SF.Core.EFCore", "src\SF.Core.EFCore\SF.Core.EFCore.xproj", "{DFD5CDDC-C302-4306-8067-78C36C4BB3CC}"
EndProject
Global
	GlobalSection(SolutionConfigurationPlatforms) = preSolution
		Debug|Any CPU = Debug|Any CPU
		Release|Any CPU = Release|Any CPU
	EndGlobalSection
	GlobalSection(ProjectConfigurationPlatforms) = postSolution
		{13367B7A-E91C-47EE-BA5E-C50664D65767}.Debug|Any CPU.ActiveCfg = Debug|Any CPU
		{13367B7A-E91C-47EE-BA5E-C50664D65767}.Debug|Any CPU.Build.0 = Debug|Any CPU
		{13367B7A-E91C-47EE-BA5E-C50664D65767}.Release|Any CPU.ActiveCfg = Release|Any CPU
		{13367B7A-E91C-47EE-BA5E-C50664D65767}.Release|Any CPU.Build.0 = Release|Any CPU
		{689A4140-5957-461F-ABCE-05F5E9FFA87C}.Debug|Any CPU.ActiveCfg = Debug|Any CPU
		{689A4140-5957-461F-ABCE-05F5E9FFA87C}.Debug|Any CPU.Build.0 = Debug|Any CPU
		{689A4140-5957-461F-ABCE-05F5E9FFA87C}.Release|Any CPU.ActiveCfg = Release|Any CPU
		{689A4140-5957-461F-ABCE-05F5E9FFA87C}.Release|Any CPU.Build.0 = Release|Any CPU
		{97882F42-7E4E-4B0C-8A6A-747D79C9F1DB}.Debug|Any CPU.ActiveCfg = Debug|Any CPU
		{97882F42-7E4E-4B0C-8A6A-747D79C9F1DB}.Debug|Any CPU.Build.0 = Debug|Any CPU
		{97882F42-7E4E-4B0C-8A6A-747D79C9F1DB}.Release|Any CPU.ActiveCfg = Release|Any CPU
		{97882F42-7E4E-4B0C-8A6A-747D79C9F1DB}.Release|Any CPU.Build.0 = Release|Any CPU
		{6A37DA80-4E1F-4DA4-8123-30C7D6CDEDB4}.Debug|Any CPU.ActiveCfg = Debug|Any CPU
		{6A37DA80-4E1F-4DA4-8123-30C7D6CDEDB4}.Debug|Any CPU.Build.0 = Debug|Any CPU
		{6A37DA80-4E1F-4DA4-8123-30C7D6CDEDB4}.Release|Any CPU.ActiveCfg = Release|Any CPU
		{6A37DA80-4E1F-4DA4-8123-30C7D6CDEDB4}.Release|Any CPU.Build.0 = Release|Any CPU
		{519AC4F9-95F6-4089-A0FE-7658B2D40415}.Debug|Any CPU.ActiveCfg = Debug|Any CPU
		{519AC4F9-95F6-4089-A0FE-7658B2D40415}.Debug|Any CPU.Build.0 = Debug|Any CPU
		{519AC4F9-95F6-4089-A0FE-7658B2D40415}.Release|Any CPU.ActiveCfg = Release|Any CPU
		{519AC4F9-95F6-4089-A0FE-7658B2D40415}.Release|Any CPU.Build.0 = Release|Any CPU
		{BE070E61-8D8C-4092-AD79-2D4BADBAC5F9}.Debug|Any CPU.ActiveCfg = Debug|Any CPU
		{BE070E61-8D8C-4092-AD79-2D4BADBAC5F9}.Debug|Any CPU.Build.0 = Debug|Any CPU
		{BE070E61-8D8C-4092-AD79-2D4BADBAC5F9}.Release|Any CPU.ActiveCfg = Release|Any CPU
		{BE070E61-8D8C-4092-AD79-2D4BADBAC5F9}.Release|Any CPU.Build.0 = Release|Any CPU
		{D78BE502-3E6B-4BF7-9D4B-402D0EBC5D18}.Debug|Any CPU.ActiveCfg = Debug|Any CPU
		{D78BE502-3E6B-4BF7-9D4B-402D0EBC5D18}.Debug|Any CPU.Build.0 = Debug|Any CPU
		{D78BE502-3E6B-4BF7-9D4B-402D0EBC5D18}.Release|Any CPU.ActiveCfg = Release|Any CPU
		{D78BE502-3E6B-4BF7-9D4B-402D0EBC5D18}.Release|Any CPU.Build.0 = Release|Any CPU
		{13310395-DA86-493D-A4F7-0DE8AC8CD36B}.Debug|Any CPU.ActiveCfg = Debug|Any CPU
		{13310395-DA86-493D-A4F7-0DE8AC8CD36B}.Debug|Any CPU.Build.0 = Debug|Any CPU
		{13310395-DA86-493D-A4F7-0DE8AC8CD36B}.Release|Any CPU.ActiveCfg = Release|Any CPU
		{13310395-DA86-493D-A4F7-0DE8AC8CD36B}.Release|Any CPU.Build.0 = Release|Any CPU
		{1393B1C0-90BF-4E7A-B0AE-A1FD448DCDBC}.Debug|Any CPU.ActiveCfg = Debug|Any CPU
		{1393B1C0-90BF-4E7A-B0AE-A1FD448DCDBC}.Debug|Any CPU.Build.0 = Debug|Any CPU
		{1393B1C0-90BF-4E7A-B0AE-A1FD448DCDBC}.Release|Any CPU.ActiveCfg = Release|Any CPU
		{1393B1C0-90BF-4E7A-B0AE-A1FD448DCDBC}.Release|Any CPU.Build.0 = Release|Any CPU
		{1A22C68D-BE49-4E94-A0AD-6FD31F54B805}.Debug|Any CPU.ActiveCfg = Debug|Any CPU
		{1A22C68D-BE49-4E94-A0AD-6FD31F54B805}.Debug|Any CPU.Build.0 = Debug|Any CPU
		{1A22C68D-BE49-4E94-A0AD-6FD31F54B805}.Release|Any CPU.ActiveCfg = Release|Any CPU
		{1A22C68D-BE49-4E94-A0AD-6FD31F54B805}.Release|Any CPU.Build.0 = Release|Any CPU
		{168ECB44-DB3C-4DAB-9F8D-7BA5EB39D1CE}.Debug|Any CPU.ActiveCfg = Debug|Any CPU
		{168ECB44-DB3C-4DAB-9F8D-7BA5EB39D1CE}.Debug|Any CPU.Build.0 = Debug|Any CPU
		{168ECB44-DB3C-4DAB-9F8D-7BA5EB39D1CE}.Release|Any CPU.ActiveCfg = Release|Any CPU
		{168ECB44-DB3C-4DAB-9F8D-7BA5EB39D1CE}.Release|Any CPU.Build.0 = Release|Any CPU
		{96C529AA-B4A5-4F39-A4CF-31F66A8DF6CA}.Debug|Any CPU.ActiveCfg = Debug|Any CPU
		{96C529AA-B4A5-4F39-A4CF-31F66A8DF6CA}.Debug|Any CPU.Build.0 = Debug|Any CPU
		{96C529AA-B4A5-4F39-A4CF-31F66A8DF6CA}.Release|Any CPU.ActiveCfg = Release|Any CPU
		{96C529AA-B4A5-4F39-A4CF-31F66A8DF6CA}.Release|Any CPU.Build.0 = Release|Any CPU
		{9C156841-9389-4840-82CB-D5A4ED9A6A00}.Debug|Any CPU.ActiveCfg = Debug|Any CPU
		{9C156841-9389-4840-82CB-D5A4ED9A6A00}.Debug|Any CPU.Build.0 = Debug|Any CPU
		{9C156841-9389-4840-82CB-D5A4ED9A6A00}.Release|Any CPU.ActiveCfg = Release|Any CPU
		{9C156841-9389-4840-82CB-D5A4ED9A6A00}.Release|Any CPU.Build.0 = Release|Any CPU
		{136BE87A-2D4E-4855-A541-F25744BF239A}.Debug|Any CPU.ActiveCfg = Debug|Any CPU
		{136BE87A-2D4E-4855-A541-F25744BF239A}.Debug|Any CPU.Build.0 = Debug|Any CPU
		{136BE87A-2D4E-4855-A541-F25744BF239A}.Release|Any CPU.ActiveCfg = Release|Any CPU
		{136BE87A-2D4E-4855-A541-F25744BF239A}.Release|Any CPU.Build.0 = Release|Any CPU
		{2F22A31D-1596-496D-8DF2-5B64E7877FEF}.Debug|Any CPU.ActiveCfg = Debug|Any CPU
		{2F22A31D-1596-496D-8DF2-5B64E7877FEF}.Debug|Any CPU.Build.0 = Debug|Any CPU
		{2F22A31D-1596-496D-8DF2-5B64E7877FEF}.Release|Any CPU.ActiveCfg = Release|Any CPU
		{2F22A31D-1596-496D-8DF2-5B64E7877FEF}.Release|Any CPU.Build.0 = Release|Any CPU
		{A596EEFD-4103-4E05-A05C-CEC1E1C7BC7A}.Debug|Any CPU.ActiveCfg = Debug|Any CPU
		{A596EEFD-4103-4E05-A05C-CEC1E1C7BC7A}.Debug|Any CPU.Build.0 = Debug|Any CPU
		{A596EEFD-4103-4E05-A05C-CEC1E1C7BC7A}.Release|Any CPU.ActiveCfg = Release|Any CPU
		{A596EEFD-4103-4E05-A05C-CEC1E1C7BC7A}.Release|Any CPU.Build.0 = Release|Any CPU
		{F818F787-A9CF-4A5F-A78D-9510D8EC152B}.Debug|Any CPU.ActiveCfg = Debug|Any CPU
		{F818F787-A9CF-4A5F-A78D-9510D8EC152B}.Debug|Any CPU.Build.0 = Debug|Any CPU
		{F818F787-A9CF-4A5F-A78D-9510D8EC152B}.Release|Any CPU.ActiveCfg = Release|Any CPU
		{F818F787-A9CF-4A5F-A78D-9510D8EC152B}.Release|Any CPU.Build.0 = Release|Any CPU
		{5093DFFF-C92A-4226-AD2F-193A6D5D1BF2}.Debug|Any CPU.ActiveCfg = Debug|Any CPU
		{5093DFFF-C92A-4226-AD2F-193A6D5D1BF2}.Debug|Any CPU.Build.0 = Debug|Any CPU
		{5093DFFF-C92A-4226-AD2F-193A6D5D1BF2}.Release|Any CPU.ActiveCfg = Release|Any CPU
		{5093DFFF-C92A-4226-AD2F-193A6D5D1BF2}.Release|Any CPU.Build.0 = Release|Any CPU
		{21C78113-0993-4781-AAEB-3FD19922AEED}.Debug|Any CPU.ActiveCfg = Debug|Any CPU
		{21C78113-0993-4781-AAEB-3FD19922AEED}.Debug|Any CPU.Build.0 = Debug|Any CPU
		{21C78113-0993-4781-AAEB-3FD19922AEED}.Release|Any CPU.ActiveCfg = Release|Any CPU
		{21C78113-0993-4781-AAEB-3FD19922AEED}.Release|Any CPU.Build.0 = Release|Any CPU
		{46C59885-FD59-48D3-B400-CFDB460F738C}.Debug|Any CPU.ActiveCfg = Debug|Any CPU
		{46C59885-FD59-48D3-B400-CFDB460F738C}.Debug|Any CPU.Build.0 = Debug|Any CPU
		{46C59885-FD59-48D3-B400-CFDB460F738C}.Release|Any CPU.ActiveCfg = Release|Any CPU
		{46C59885-FD59-48D3-B400-CFDB460F738C}.Release|Any CPU.Build.0 = Release|Any CPU
		{88C02D31-3C08-4174-9D38-47FF51CE8951}.Debug|Any CPU.ActiveCfg = Debug|Any CPU
		{88C02D31-3C08-4174-9D38-47FF51CE8951}.Debug|Any CPU.Build.0 = Debug|Any CPU
		{88C02D31-3C08-4174-9D38-47FF51CE8951}.Release|Any CPU.ActiveCfg = Release|Any CPU
		{88C02D31-3C08-4174-9D38-47FF51CE8951}.Release|Any CPU.Build.0 = Release|Any CPU
		{DFD5CDDC-C302-4306-8067-78C36C4BB3CC}.Debug|Any CPU.ActiveCfg = Debug|Any CPU
		{DFD5CDDC-C302-4306-8067-78C36C4BB3CC}.Debug|Any CPU.Build.0 = Debug|Any CPU
		{DFD5CDDC-C302-4306-8067-78C36C4BB3CC}.Release|Any CPU.ActiveCfg = Release|Any CPU
		{DFD5CDDC-C302-4306-8067-78C36C4BB3CC}.Release|Any CPU.Build.0 = Release|Any CPU
	EndGlobalSection
	GlobalSection(SolutionProperties) = preSolution
		HideSolutionNode = FALSE
	EndGlobalSection
	GlobalSection(NestedProjects) = preSolution
		{7EFA2FA7-32DD-4047-B021-50E77A83D714} = {C9BFDDC4-5671-47A3-B57D-197C2A51FA8A}
		{0A27C140-4CCB-40DD-BE48-F5DE16D1177B} = {C9BFDDC4-5671-47A3-B57D-197C2A51FA8A}
		{6A7EE3A2-1748-4CCA-B939-9D7F782B1CDE} = {C9BFDDC4-5671-47A3-B57D-197C2A51FA8A}
		{13367B7A-E91C-47EE-BA5E-C50664D65767} = {C9BFDDC4-5671-47A3-B57D-197C2A51FA8A}
		{25346F7B-580C-4891-8C47-EDE77370B26F} = {C9BFDDC4-5671-47A3-B57D-197C2A51FA8A}
		{689A4140-5957-461F-ABCE-05F5E9FFA87C} = {25346F7B-580C-4891-8C47-EDE77370B26F}
		{97882F42-7E4E-4B0C-8A6A-747D79C9F1DB} = {3C593EDB-AB76-4467-9884-707C3754A796}
		{6A37DA80-4E1F-4DA4-8123-30C7D6CDEDB4} = {3C593EDB-AB76-4467-9884-707C3754A796}
		{519AC4F9-95F6-4089-A0FE-7658B2D40415} = {3C593EDB-AB76-4467-9884-707C3754A796}
		{3C593EDB-AB76-4467-9884-707C3754A796} = {C9BFDDC4-5671-47A3-B57D-197C2A51FA8A}
		{BE070E61-8D8C-4092-AD79-2D4BADBAC5F9} = {3C593EDB-AB76-4467-9884-707C3754A796}
		{D78BE502-3E6B-4BF7-9D4B-402D0EBC5D18} = {3C593EDB-AB76-4467-9884-707C3754A796}
		{13310395-DA86-493D-A4F7-0DE8AC8CD36B} = {3C593EDB-AB76-4467-9884-707C3754A796}
		{1393B1C0-90BF-4E7A-B0AE-A1FD448DCDBC} = {7EFA2FA7-32DD-4047-B021-50E77A83D714}
		{1A22C68D-BE49-4E94-A0AD-6FD31F54B805} = {7EFA2FA7-32DD-4047-B021-50E77A83D714}
		{168ECB44-DB3C-4DAB-9F8D-7BA5EB39D1CE} = {7EFA2FA7-32DD-4047-B021-50E77A83D714}
		{96C529AA-B4A5-4F39-A4CF-31F66A8DF6CA} = {6A7EE3A2-1748-4CCA-B939-9D7F782B1CDE}
		{9C156841-9389-4840-82CB-D5A4ED9A6A00} = {3C593EDB-AB76-4467-9884-707C3754A796}
		{136BE87A-2D4E-4855-A541-F25744BF239A} = {3C593EDB-AB76-4467-9884-707C3754A796}
		{2F22A31D-1596-496D-8DF2-5B64E7877FEF} = {3C593EDB-AB76-4467-9884-707C3754A796}
		{A596EEFD-4103-4E05-A05C-CEC1E1C7BC7A} = {3C593EDB-AB76-4467-9884-707C3754A796}
		{F818F787-A9CF-4A5F-A78D-9510D8EC152B} = {3C593EDB-AB76-4467-9884-707C3754A796}
		{5093DFFF-C92A-4226-AD2F-193A6D5D1BF2} = {3C593EDB-AB76-4467-9884-707C3754A796}
		{21C78113-0993-4781-AAEB-3FD19922AEED} = {3C593EDB-AB76-4467-9884-707C3754A796}
		{46C59885-FD59-48D3-B400-CFDB460F738C} = {6A7EE3A2-1748-4CCA-B939-9D7F782B1CDE}
		{88C02D31-3C08-4174-9D38-47FF51CE8951} = {7EFA2FA7-32DD-4047-B021-50E77A83D714}
		{DFD5CDDC-C302-4306-8067-78C36C4BB3CC} = {3C593EDB-AB76-4467-9884-707C3754A796}
	EndGlobalSection
EndGlobal
